
Microsoft Visual Studio Solution File, Format Version 12.00
# Visual Studio Version 17
VisualStudioVersion = 17.6.33815.320
MinimumVisualStudioVersion = 10.0.40219.1
Project("{9A19103F-16F7-4668-BE54-9A1E7A4F7556}") = "FoodBotSeeHashtag", "FoodBotSeeHashtag\FoodBotSeeHashtag.csproj", "{208AF8ED-DDA5-4C8B-ABAE-BAC3C5103FF6}"
EndProject
Project("{FAE04EC0-301F-11D3-BF4B-00C04F79EFBC}") = "DB", "DB\DB.csproj", "{DC17E0C3-9B3E-417C-A1A6-FA9B4D7BD383}"
EndProject
Global
	GlobalSection(SolutionConfigurationPlatforms) = preSolution
		Debug|Any CPU = Debug|Any CPU
		Release|Any CPU = Release|Any CPU
	EndGlobalSection
	GlobalSection(ProjectConfigurationPlatforms) = postSolution
		{208AF8ED-DDA5-4C8B-ABAE-BAC3C5103FF6}.Debug|Any CPU.ActiveCfg = Debug|Any CPU
		{208AF8ED-DDA5-4C8B-ABAE-BAC3C5103FF6}.Debug|Any CPU.Build.0 = Debug|Any CPU
		{208AF8ED-DDA5-4C8B-ABAE-BAC3C5103FF6}.Release|Any CPU.ActiveCfg = Release|Any CPU
		{208AF8ED-DDA5-4C8B-ABAE-BAC3C5103FF6}.Release|Any CPU.Build.0 = Release|Any CPU
		{DC17E0C3-9B3E-417C-A1A6-FA9B4D7BD383}.Debug|Any CPU.ActiveCfg = Debug|Any CPU
		{DC17E0C3-9B3E-417C-A1A6-FA9B4D7BD383}.Debug|Any CPU.Build.0 = Debug|Any CPU
		{DC17E0C3-9B3E-417C-A1A6-FA9B4D7BD383}.Release|Any CPU.ActiveCfg = Release|Any CPU
		{DC17E0C3-9B3E-417C-A1A6-FA9B4D7BD383}.Release|Any CPU.Build.0 = Release|Any CPU
	EndGlobalSection
	GlobalSection(SolutionProperties) = preSolution
		HideSolutionNode = FALSE
	EndGlobalSection
	GlobalSection(ExtensibilityGlobals) = postSolution
		SolutionGuid = {A9885A68-D71C-4221-B095-650DAFB19ED0}
	EndGlobalSection
EndGlobal
